// !$*UTF8*$!
{
	archiveVersion = 1;
	classes = {
	};
	objectVersion = 46;
	objects = {

/* Begin PBXBuildFile section */
		2F70915A280828F51D451251 /* Pods_Training_iOS_3.framework in Frameworks */ = {isa = PBXBuildFile; fileRef = B827008A5E85B6A8606877C9 /* Pods_Training_iOS_3.framework */; };
		655267E91D17CC8800A55EAD /* Libraries in Resources */ = {isa = PBXBuildFile; fileRef = 655267E81D17CC8800A55EAD /* Libraries */; };
		655267ED1D17EB9F00A55EAD /* ExplorePhotoCollectionViewCell.swift in Sources */ = {isa = PBXBuildFile; fileRef = 655267EC1D17EB9F00A55EAD /* ExplorePhotoCollectionViewCell.swift */; };
		65D5161E1D17C72A00AC66F6 /* AppDelegate.swift in Sources */ = {isa = PBXBuildFile; fileRef = 65D5161D1D17C72A00AC66F6 /* AppDelegate.swift */; };
		65D516231D17C72A00AC66F6 /* Main.storyboard in Resources */ = {isa = PBXBuildFile; fileRef = 65D516211D17C72A00AC66F6 /* Main.storyboard */; };
		65D516251D17C72A00AC66F6 /* Assets.xcassets in Resources */ = {isa = PBXBuildFile; fileRef = 65D516241D17C72A00AC66F6 /* Assets.xcassets */; };
		65D516281D17C72A00AC66F6 /* LaunchScreen.storyboard in Resources */ = {isa = PBXBuildFile; fileRef = 65D516261D17C72A00AC66F6 /* LaunchScreen.storyboard */; };
/* End PBXBuildFile section */

/* Begin PBXFileReference section */
		04801AFAB5D89A1FA500D8A8 /* Pods-Training-iOS-3.debug.xcconfig */ = {isa = PBXFileReference; includeInIndex = 1; lastKnownFileType = text.xcconfig; name = "Pods-Training-iOS-3.debug.xcconfig"; path = "Pods/Target Support Files/Pods-Training-iOS-3/Pods-Training-iOS-3.debug.xcconfig"; sourceTree = "<group>"; };
		1F9E39CFB2EFC20FC165C5D7 /* Pods-Training-iOS-3.release.xcconfig */ = {isa = PBXFileReference; includeInIndex = 1; lastKnownFileType = text.xcconfig; name = "Pods-Training-iOS-3.release.xcconfig"; path = "Pods/Target Support Files/Pods-Training-iOS-3/Pods-Training-iOS-3.release.xcconfig"; sourceTree = "<group>"; };
		655267E81D17CC8800A55EAD /* Libraries */ = {isa = PBXFileReference; lastKnownFileType = folder; path = Libraries; sourceTree = "<group>"; };
		655267EC1D17EB9F00A55EAD /* ExplorePhotoCollectionViewCell.swift */ = {isa = PBXFileReference; fileEncoding = 4; lastKnownFileType = sourcecode.swift; path = ExplorePhotoCollectionViewCell.swift; sourceTree = "<group>"; };
		65D5161A1D17C72A00AC66F6 /* Training-iOS-3.app */ = {isa = PBXFileReference; explicitFileType = wrapper.application; includeInIndex = 0; path = "Training-iOS-3.app"; sourceTree = BUILT_PRODUCTS_DIR; };
		65D5161D1D17C72A00AC66F6 /* AppDelegate.swift */ = {isa = PBXFileReference; lastKnownFileType = sourcecode.swift; path = AppDelegate.swift; sourceTree = "<group>"; };
		65D516221D17C72A00AC66F6 /* Base */ = {isa = PBXFileReference; lastKnownFileType = file.storyboard; name = Base; path = Base.lproj/Main.storyboard; sourceTree = "<group>"; };
		65D516241D17C72A00AC66F6 /* Assets.xcassets */ = {isa = PBXFileReference; lastKnownFileType = folder.assetcatalog; path = Assets.xcassets; sourceTree = "<group>"; };
		65D516271D17C72A00AC66F6 /* Base */ = {isa = PBXFileReference; lastKnownFileType = file.storyboard; name = Base; path = Base.lproj/LaunchScreen.storyboard; sourceTree = "<group>"; };
		65D516291D17C72A00AC66F6 /* Info.plist */ = {isa = PBXFileReference; lastKnownFileType = text.plist.xml; path = Info.plist; sourceTree = "<group>"; };
		B827008A5E85B6A8606877C9 /* Pods_Training_iOS_3.framework */ = {isa = PBXFileReference; explicitFileType = wrapper.framework; includeInIndex = 0; path = Pods_Training_iOS_3.framework; sourceTree = BUILT_PRODUCTS_DIR; };
/* End PBXFileReference section */

/* Begin PBXFrameworksBuildPhase section */
		65D516171D17C72A00AC66F6 /* Frameworks */ = {
			isa = PBXFrameworksBuildPhase;
			buildActionMask = 2147483647;
			files = (
				2F70915A280828F51D451251 /* Pods_Training_iOS_3.framework in Frameworks */,
			);
			runOnlyForDeploymentPostprocessing = 0;
		};
/* End PBXFrameworksBuildPhase section */

/* Begin PBXGroup section */
		655267E21D17CA3700A55EAD /* View */ = {
			isa = PBXGroup;
			children = (
				655267EC1D17EB9F00A55EAD /* ExplorePhotoCollectionViewCell.swift */,
			);
			path = View;
			sourceTree = "<group>";
		};
		655267E31D17CA7B00A55EAD /* Controller */ = {
			isa = PBXGroup;
			children = (
			);
			name = Controller;
			path = View/Controller;
			sourceTree = "<group>";
		};
		655267E41D17CA7B00A55EAD /* Extension */ = {
			isa = PBXGroup;
			children = (
			);
			name = Extension;
			path = View/Extension;
			sourceTree = "<group>";
		};
		655267E51D17CA7B00A55EAD /* Model */ = {
			isa = PBXGroup;
			children = (
			);
			name = Model;
			path = View/Model;
			sourceTree = "<group>";
		};
		655267E61D17CA7B00A55EAD /* Service */ = {
			isa = PBXGroup;
			children = (
			);
			name = Service;
			path = View/Service;
			sourceTree = "<group>";
		};
		655267E71D17CA7B00A55EAD /* Sesstion */ = {
			isa = PBXGroup;
			children = (
			);
			name = Sesstion;
			path = View/Sesstion;
			sourceTree = "<group>";
		};
		65D516111D17C72A00AC66F6 = {
			isa = PBXGroup;
			children = (
				655267E81D17CC8800A55EAD /* Libraries */,
				65D5161C1D17C72A00AC66F6 /* Training-iOS-3 */,
				65D5161B1D17C72A00AC66F6 /* Products */,
				D447054F6C54B7FD9B6A3254 /* Pods */,
				AC1CA95B803AB382C850D1C8 /* Frameworks */,
			);
			sourceTree = "<group>";
		};
		65D5161B1D17C72A00AC66F6 /* Products */ = {
			isa = PBXGroup;
			children = (
				65D5161A1D17C72A00AC66F6 /* Training-iOS-3.app */,
			);
			name = Products;
			sourceTree = "<group>";
		};
		65D5161C1D17C72A00AC66F6 /* Training-iOS-3 */ = {
			isa = PBXGroup;
			children = (
				655267E31D17CA7B00A55EAD /* Controller */,
				655267E41D17CA7B00A55EAD /* Extension */,
				655267E51D17CA7B00A55EAD /* Model */,
				655267E61D17CA7B00A55EAD /* Service */,
				655267E71D17CA7B00A55EAD /* Sesstion */,
				655267E21D17CA3700A55EAD /* View */,
				65D5161D1D17C72A00AC66F6 /* AppDelegate.swift */,
				65D516211D17C72A00AC66F6 /* Main.storyboard */,
				65D516241D17C72A00AC66F6 /* Assets.xcassets */,
				65D516261D17C72A00AC66F6 /* LaunchScreen.storyboard */,
				65D516291D17C72A00AC66F6 /* Info.plist */,
			);
			path = "Training-iOS-3";
			sourceTree = "<group>";
		};
		AC1CA95B803AB382C850D1C8 /* Frameworks */ = {
			isa = PBXGroup;
			children = (
				B827008A5E85B6A8606877C9 /* Pods_Training_iOS_3.framework */,
			);
			name = Frameworks;
			sourceTree = "<group>";
		};
		D447054F6C54B7FD9B6A3254 /* Pods */ = {
			isa = PBXGroup;
			children = (
				04801AFAB5D89A1FA500D8A8 /* Pods-Training-iOS-3.debug.xcconfig */,
				1F9E39CFB2EFC20FC165C5D7 /* Pods-Training-iOS-3.release.xcconfig */,
			);
			name = Pods;
			sourceTree = "<group>";
		};
/* End PBXGroup section */

/* Begin PBXNativeTarget section */
		65D516191D17C72A00AC66F6 /* Training-iOS-3 */ = {
			isa = PBXNativeTarget;
			buildConfigurationList = 65D5162C1D17C72A00AC66F6 /* Build configuration list for PBXNativeTarget "Training-iOS-3" */;
			buildPhases = (
				A608B118F94A5FA17A9E1235 /* Check Pods Manifest.lock */,
				65D516161D17C72A00AC66F6 /* Sources */,
				65D516171D17C72A00AC66F6 /* Frameworks */,
				65D516181D17C72A00AC66F6 /* Resources */,
				15A3C62CE6FEBBC1D187D88C /* Embed Pods Frameworks */,
				5FFAD0803217E8E742C300FD /* Copy Pods Resources */,
			);
			buildRules = (
			);
			dependencies = (
			);
			name = "Training-iOS-3";
			productName = "Training-iOS-3";
			productReference = 65D5161A1D17C72A00AC66F6 /* Training-iOS-3.app */;
			productType = "com.apple.product-type.application";
		};
/* End PBXNativeTarget section */

/* Begin PBXProject section */
		65D516121D17C72A00AC66F6 /* Project object */ = {
			isa = PBXProject;
			attributes = {
				LastSwiftUpdateCheck = 0730;
				LastUpgradeCheck = 0730;
				ORGANIZATIONNAME = Awpspace;
				TargetAttributes = {
					65D516191D17C72A00AC66F6 = {
						CreatedOnToolsVersion = 7.3.1;
					};
				};
			};
			buildConfigurationList = 65D516151D17C72A00AC66F6 /* Build configuration list for PBXProject "Training-iOS-3" */;
			compatibilityVersion = "Xcode 3.2";
			developmentRegion = English;
			hasScannedForEncodings = 0;
			knownRegions = (
				en,
				Base,
			);
			mainGroup = 65D516111D17C72A00AC66F6;
			productRefGroup = 65D5161B1D17C72A00AC66F6 /* Products */;
			projectDirPath = "";
			projectRoot = "";
			targets = (
				65D516191D17C72A00AC66F6 /* Training-iOS-3 */,
			);
		};
/* End PBXProject section */

/* Begin PBXResourcesBuildPhase section */
		65D516181D17C72A00AC66F6 /* Resources */ = {
			isa = PBXResourcesBuildPhase;
			buildActionMask = 2147483647;
			files = (
				65D516281D17C72A00AC66F6 /* LaunchScreen.storyboard in Resources */,
				65D516251D17C72A00AC66F6 /* Assets.xcassets in Resources */,
				655267E91D17CC8800A55EAD /* Libraries in Resources */,
				65D516231D17C72A00AC66F6 /* Main.storyboard in Resources */,
			);
			runOnlyForDeploymentPostprocessing = 0;
		};
/* End PBXResourcesBuildPhase section */

/* Begin PBXShellScriptBuildPhase section */
		15A3C62CE6FEBBC1D187D88C /* Embed Pods Frameworks */ = {
			isa = PBXShellScriptBuildPhase;
			buildActionMask = 2147483647;
			files = (
			);
			inputPaths = (
			);
			name = "Embed Pods Frameworks";
			outputPaths = (
			);
			runOnlyForDeploymentPostprocessing = 0;
			shellPath = /bin/sh;
			shellScript = "\"${SRCROOT}/Pods/Target Support Files/Pods-Training-iOS-3/Pods-Training-iOS-3-frameworks.sh\"\n";
			showEnvVarsInLog = 0;
		};
		5FFAD0803217E8E742C300FD /* Copy Pods Resources */ = {
			isa = PBXShellScriptBuildPhase;
			buildActionMask = 2147483647;
			files = (
			);
			inputPaths = (
			);
			name = "Copy Pods Resources";
			outputPaths = (
			);
			runOnlyForDeploymentPostprocessing = 0;
			shellPath = /bin/sh;
			shellScript = "\"${SRCROOT}/Pods/Target Support Files/Pods-Training-iOS-3/Pods-Training-iOS-3-resources.sh\"\n";
			showEnvVarsInLog = 0;
		};
		A608B118F94A5FA17A9E1235 /* Check Pods Manifest.lock */ = {
			isa = PBXShellScriptBuildPhase;
			buildActionMask = 2147483647;
			files = (
			);
			inputPaths = (
			);
			name = "Check Pods Manifest.lock";
			outputPaths = (
			);
			runOnlyForDeploymentPostprocessing = 0;
			shellPath = /bin/sh;
			shellScript = "diff \"${PODS_ROOT}/../Podfile.lock\" \"${PODS_ROOT}/Manifest.lock\" > /dev/null\nif [[ $? != 0 ]] ; then\n    cat << EOM\nerror: The sandbox is not in sync with the Podfile.lock. Run 'pod install' or update your CocoaPods installation.\nEOM\n    exit 1\nfi\n";
			showEnvVarsInLog = 0;
		};
/* End PBXShellScriptBuildPhase section */

/* Begin PBXSourcesBuildPhase section */
		65D516161D17C72A00AC66F6 /* Sources */ = {
			isa = PBXSourcesBuildPhase;
			buildActionMask = 2147483647;
			files = (
				65D5161E1D17C72A00AC66F6 /* AppDelegate.swift in Sources */,
				655267ED1D17EB9F00A55EAD /* ExplorePhotoCollectionViewCell.swift in Sources */,
			);
			runOnlyForDeploymentPostprocessing = 0;
		};
/* End PBXSourcesBuildPhase section */

/* Begin PBXVariantGroup section */
		65D516211D17C72A00AC66F6 /* Main.storyboard */ = {
			isa = PBXVariantGroup;
			children = (
				65D516221D17C72A00AC66F6 /* Base */,
			);
			name = Main.storyboard;
			sourceTree = "<group>";
		};
		65D516261D17C72A00AC66F6 /* LaunchScreen.storyboard */ = {
			isa = PBXVariantGroup;
			children = (
				65D516271D17C72A00AC66F6 /* Base */,
			);
			name = LaunchScreen.storyboard;
			sourceTree = "<group>";
		};
/* End PBXVariantGroup section */

/* Begin XCBuildConfiguration section */
		65D5162A1D17C72A00AC66F6 /* Debug */ = {
			isa = XCBuildConfiguration;
			buildSettings = {
				ALWAYS_SEARCH_USER_PATHS = NO;
				CLANG_ANALYZER_NONNULL = YES;
				CLANG_CXX_LANGUAGE_STANDARD = "gnu++0x";
				CLANG_CXX_LIBRARY = "libc++";
				CLANG_ENABLE_MODULES = YES;
				CLANG_ENABLE_OBJC_ARC = YES;
				CLANG_WARN_BOOL_CONVERSION = YES;
				CLANG_WARN_CONSTANT_CONVERSION = YES;
				CLANG_WARN_DIRECT_OBJC_ISA_USAGE = YES_ERROR;
				CLANG_WARN_EMPTY_BODY = YES;
				CLANG_WARN_ENUM_CONVERSION = YES;
				CLANG_WARN_INT_CONVERSION = YES;
				CLANG_WARN_OBJC_ROOT_CLASS = YES_ERROR;
				CLANG_WARN_UNREACHABLE_CODE = YES;
				CLANG_WARN__DUPLICATE_METHOD_MATCH = YES;
				"CODE_SIGN_IDENTITY[sdk=iphoneos*]" = "iPhone Developer";
				COPY_PHASE_STRIP = NO;
				DEBUG_INFORMATION_FORMAT = dwarf;
				ENABLE_STRICT_OBJC_MSGSEND = YES;
				ENABLE_TESTABILITY = YES;
				GCC_C_LANGUAGE_STANDARD = gnu99;
				GCC_DYNAMIC_NO_PIC = NO;
				GCC_NO_COMMON_BLOCKS = YES;
				GCC_OPTIMIZATION_LEVEL = 0;
				GCC_PREPROCESSOR_DEFINITIONS = (
					"DEBUG=1",
					"$(inherited)",
				);
				GCC_WARN_64_TO_32_BIT_CONVERSION = YES;
				GCC_WARN_ABOUT_RETURN_TYPE = YES_ERROR;
				GCC_WARN_UNDECLARED_SELECTOR = YES;
				GCC_WARN_UNINITIALIZED_AUTOS = YES_AGGRESSIVE;
				GCC_WARN_UNUSED_FUNCTION = YES;
				GCC_WARN_UNUSED_VARIABLE = YES;
				IPHONEOS_DEPLOYMENT_TARGET = 9.3;
				MTL_ENABLE_DEBUG_INFO = YES;
				ONLY_ACTIVE_ARCH = YES;
				SDKROOT = iphoneos;
				SWIFT_OPTIMIZATION_LEVEL = "-Onone";
				TARGETED_DEVICE_FAMILY = "1,2";
			};
			name = Debug;
		};
		65D5162B1D17C72A00AC66F6 /* Release */ = {
			isa = XCBuildConfiguration;
			buildSettings = {
				ALWAYS_SEARCH_USER_PATHS = NO;
				CLANG_ANALYZER_NONNULL = YES;
				CLANG_CXX_LANGUAGE_STANDARD = "gnu++0x";
				CLANG_CXX_LIBRARY = "libc++";
				CLANG_ENABLE_MODULES = YES;
				CLANG_ENABLE_OBJC_ARC = YES;
				CLANG_WARN_BOOL_CONVERSION = YES;
				CLANG_WARN_CONSTANT_CONVERSION = YES;
				CLANG_WARN_DIRECT_OBJC_ISA_USAGE = YES_ERROR;
				CLANG_WARN_EMPTY_BODY = YES;
				CLANG_WARN_ENUM_CONVERSION = YES;
				CLANG_WARN_INT_CONVERSION = YES;
				CLANG_WARN_OBJC_ROOT_CLASS = YES_ERROR;
				CLANG_WARN_UNREACHABLE_CODE = YES;
				CLANG_WARN__DUPLICATE_METHOD_MATCH = YES;
				"CODE_SIGN_IDENTITY[sdk=iphoneos*]" = "iPhone Developer";
				COPY_PHASE_STRIP = NO;
				DEBUG_INFORMATION_FORMAT = "dwarf-with-dsym";
				ENABLE_NS_ASSERTIONS = NO;
				ENABLE_STRICT_OBJC_MSGSEND = YES;
				GCC_C_LANGUAGE_STANDARD = gnu99;
				GCC_NO_COMMON_BLOCKS = YES;
				GCC_WARN_64_TO_32_BIT_CONVERSION = YES;
				GCC_WARN_ABOUT_RETURN_TYPE = YES_ERROR;
				GCC_WARN_UNDECLARED_SELECTOR = YES;
				GCC_WARN_UNINITIALIZED_AUTOS = YES_AGGRESSIVE;
				GCC_WARN_UNUSED_FUNCTION = YES;
				GCC_WARN_UNUSED_VARIABLE = YES;
				IPHONEOS_DEPLOYMENT_TARGET = 9.3;
				MTL_ENABLE_DEBUG_INFO = NO;
				SDKROOT = iphoneos;
				TARGETED_DEVICE_FAMILY = "1,2";
				VALIDATE_PRODUCT = YES;
			};
			name = Release;
		};
		65D5162D1D17C72A00AC66F6 /* Debug */ = {
			isa = XCBuildConfiguration;
			baseConfigurationReference = 04801AFAB5D89A1FA500D8A8 /* Pods-Training-iOS-3.debug.xcconfig */;
			buildSettings = {
				ASSETCATALOG_COMPILER_APPICON_NAME = AppIcon;
				INFOPLIST_FILE = "Training-iOS-3/Info.plist";
				LD_RUNPATH_SEARCH_PATHS = "$(inherited) @executable_path/Frameworks";
				PRODUCT_BUNDLE_IDENTIFIER = "net.awpspace.Training-iOS-3";
				PRODUCT_NAME = "$(TARGET_NAME)";
			};
			name = Debug;
		};
		65D5162E1D17C72A00AC66F6 /* Release */ = {
			isa = XCBuildConfiguration;
			baseConfigurationReference = 1F9E39CFB2EFC20FC165C5D7 /* Pods-Training-iOS-3.release.xcconfig */;
			buildSettings = {
				ASSETCATALOG_COMPILER_APPICON_NAME = AppIcon;
				INFOPLIST_FILE = "Training-iOS-3/Info.plist";
				LD_RUNPATH_SEARCH_PATHS = "$(inherited) @executable_path/Frameworks";
				PRODUCT_BUNDLE_IDENTIFIER = "net.awpspace.Training-iOS-3";
				PRODUCT_NAME = "$(TARGET_NAME)";
			};
			name = Release;
		};
/* End XCBuildConfiguration section */

/* Begin XCConfigurationList section */
		65D516151D17C72A00AC66F6 /* Build configuration list for PBXProject "Training-iOS-3" */ = {
			isa = XCConfigurationList;
			buildConfigurations = (
				65D5162A1D17C72A00AC66F6 /* Debug */,
				65D5162B1D17C72A00AC66F6 /* Release */,
			);
			defaultConfigurationIsVisible = 0;
			defaultConfigurationName = Release;
		};
		65D5162C1D17C72A00AC66F6 /* Build configuration list for PBXNativeTarget "Training-iOS-3" */ = {
			isa = XCConfigurationList;
			buildConfigurations = (
				65D5162D1D17C72A00AC66F6 /* Debug */,
				65D5162E1D17C72A00AC66F6 /* Release */,
			);
			defaultConfigurationIsVisible = 0;
			defaultConfigurationName = Release;
		};
/* End XCConfigurationList section */
	};
	rootObject = 65D516121D17C72A00AC66F6 /* Project object */;
}
